{
  "name": "projet_aie",
  "version": "1.0.0",
  "lockfileVersion": 3,
  "requires": true,
  "packages": {
    "": {
      "name": "projet_aie",
      "version": "1.0.0",
      "license": "ISC",
      "dependencies": {
        "axios-cookiejar-support": "^5.0.1",
        "backend": "^0.0.0",
        "date-fns": "^3.6.0",
        "js-cookie": "^3.0.5",
        "react-hot-toast": "^2.4.1",
        "react-router-dom": "^6.22.3"
      }
    },
    "node_modules/@remix-run/router": {
      "version": "1.15.3",
      "resolved": "https://registry.npmjs.org/@remix-run/router/-/router-1.15.3.tgz",
      "integrity": "sha512-Oy8rmScVrVxWZVOpEF57ovlnhpZ8CCPlnIIumVcV9nFdiSIrus99+Lw78ekXyGvVDlIsFJbSfmSovJUhCWYV3w==",
      "engines": {
        "node": ">=14.0.0"
      }
    },
    "node_modules/agent-base": {
      "version": "7.1.1",
      "resolved": "https://registry.npmjs.org/agent-base/-/agent-base-7.1.1.tgz",
      "integrity": "sha512-H0TSyFNDMomMNJQBn8wFV5YC/2eJ+VXECwOadZJT554xP6cODZHPX3H9QMQECxvrgiSOP1pHjy1sMWQVYJOUOA==",
      "dependencies": {
        "debug": "^4.3.4"
      },
      "engines": {
        "node": ">= 14"
      }
    },
    "node_modules/asynckit": {
      "version": "0.4.0",
      "resolved": "https://registry.npmjs.org/asynckit/-/asynckit-0.4.0.tgz",
      "integrity": "sha512-Oei9OH4tRh0YqU3GxhX79dM/mwVgvbZJaSNaRk+bshkj0S5cfHcgYakreBjrHwatXKbz+IoIdYLxrKim2MjW0Q==",
      "peer": true
    },
    "node_modules/axios": {
      "version": "1.6.8",
      "resolved": "https://registry.npmjs.org/axios/-/axios-1.6.8.tgz",
      "integrity": "sha512-v/ZHtJDU39mDpyBoFVkETcd/uNdxrWRrg3bKpOKzXFA6Bvqopts6ALSMU3y6ijYxbw2B+wPrIv46egTzJXCLGQ==",
      "peer": true,
      "dependencies": {
        "follow-redirects": "^1.15.6",
        "form-data": "^4.0.0",
        "proxy-from-env": "^1.1.0"
      }
    },
    "node_modules/axios-cookiejar-support": {
      "version": "5.0.1",
      "resolved": "https://registry.npmjs.org/axios-cookiejar-support/-/axios-cookiejar-support-5.0.1.tgz",
      "integrity": "sha512-lwjyusKDJ1dLMRPnARWJCdcRXqmYvNITHnCQHRJGtIIL2QXj/lYPjMg04XZDp8QItzluu0KJqbjYlvI0+5X5Xw==",
      "dependencies": {
        "http-cookie-agent": "^6.0.3"
      },
      "engines": {
        "node": ">=18.0.0"
      },
      "funding": {
        "url": "https://github.com/sponsors/3846masa"
      },
      "peerDependencies": {
        "axios": ">=0.20.0",
        "tough-cookie": ">=4.0.0"
      }
    },
    "node_modules/backend": {
      "version": "0.0.0",
      "resolved": "https://registry.npmjs.org/backend/-/backend-0.0.0.tgz",
      "integrity": "sha512-Fq2aG5+zmmsKv2Dhm3ijAU5spnKOb5ldJlnnC/Vhk6n8In6zaq9eCPBMRiz2j94P/r84QEaBmtwh9tjaDPiQqg=="
    },
    "node_modules/combined-stream": {
      "version": "1.0.8",
      "resolved": "https://registry.npmjs.org/combined-stream/-/combined-stream-1.0.8.tgz",
      "integrity": "sha512-FQN4MRfuJeHf7cBbBMJFXhKSDq+2kAArBlmRBvcvFE5BB1HZKXtSFASDhdlz9zOYwxh8lDdnvmMOe/+5cdoEdg==",
      "peer": true,
      "dependencies": {
        "delayed-stream": "~1.0.0"
      },
      "engines": {
        "node": ">= 0.8"
      }
    },
    "node_modules/csstype": {
      "version": "3.1.3",
      "resolved": "https://registry.npmjs.org/csstype/-/csstype-3.1.3.tgz",
      "integrity": "sha512-M1uQkMl8rQK/szD0LNhtqxIPLpimGm8sOBwU7lLnCpSbTyY3yeU1Vc7l4KT5zT4s/yOxHH5O7tIuuLOCnLADRw==",
      "peer": true
    },
    "node_modules/date-fns": {
      "version": "3.6.0",
      "resolved": "https://registry.npmjs.org/date-fns/-/date-fns-3.6.0.tgz",
      "integrity": "sha512-fRHTG8g/Gif+kSh50gaGEdToemgfj74aRX3swtiouboip5JDLAyDE9F11nHMIcvOaXeOC6D7SpNhi7uFyB7Uww==",
      "funding": {
        "type": "github",
        "url": "https://github.com/sponsors/kossnocorp"
      }
    },
    "node_modules/debug": {
      "version": "4.3.4",
      "resolved": "https://registry.npmjs.org/debug/-/debug-4.3.4.tgz",
      "integrity": "sha512-PRWFHuSU3eDtQJPvnNY7Jcket1j0t5OuOsFzPPzsekD52Zl8qUfFIPEiswXqIvHWGVHOgX+7G/vCNNhehwxfkQ==",
      "dependencies": {
        "ms": "2.1.2"
      },
      "engines": {
        "node": ">=6.0"
      },
      "peerDependenciesMeta": {
        "supports-color": {
          "optional": true
        }
      }
    },
    "node_modules/delayed-stream": {
      "version": "1.0.0",
      "resolved": "https://registry.npmjs.org/delayed-stream/-/delayed-stream-1.0.0.tgz",
      "integrity": "sha512-ZySD7Nf91aLB0RxL4KGrKHBXl7Eds1DAmEdcoVawXnLD7SDhpNgtuII2aAkg7a7QS41jxPSZ17p4VdGnMHk3MQ==",
      "peer": true,
      "engines": {
        "node": ">=0.4.0"
      }
    },
    "node_modules/follow-redirects": {
      "version": "1.15.6",
      "resolved": "https://registry.npmjs.org/follow-redirects/-/follow-redirects-1.15.6.tgz",
      "integrity": "sha512-wWN62YITEaOpSK584EZXJafH1AGpO8RVgElfkuXbTOrPX4fIfOyEpW/CsiNd8JdYrAoOvafRTOEnvsO++qCqFA==",
      "funding": [
        {
          "type": "individual",
          "url": "https://github.com/sponsors/RubenVerborgh"
        }
      ],
      "peer": true,
      "engines": {
        "node": ">=4.0"
      },
      "peerDependenciesMeta": {
        "debug": {
          "optional": true
        }
      }
    },
    "node_modules/form-data": {
      "version": "4.0.0",
      "resolved": "https://registry.npmjs.org/form-data/-/form-data-4.0.0.tgz",
      "integrity": "sha512-ETEklSGi5t0QMZuiXoA/Q6vcnxcLQP5vdugSpuAyi6SVGi2clPPp+xgEhuMaHC+zGgn31Kd235W35f7Hykkaww==",
      "peer": true,
      "dependencies": {
        "asynckit": "^0.4.0",
        "combined-stream": "^1.0.8",
        "mime-types": "^2.1.12"
      },
      "engines": {
        "node": ">= 6"
      }
    },
    "node_modules/goober": {
      "version": "2.1.14",
      "resolved": "https://registry.npmjs.org/goober/-/goober-2.1.14.tgz",
      "integrity": "sha512-4UpC0NdGyAFqLNPnhCT2iHpza2q+RAY3GV85a/mRPdzyPQMsj0KmMMuetdIkzWRbJ+Hgau1EZztq8ImmiMGhsg==",
      "peerDependencies": {
        "csstype": "^3.0.10"
      }
    },
    "node_modules/http-cookie-agent": {
      "version": "6.0.3",
      "resolved": "https://registry.npmjs.org/http-cookie-agent/-/http-cookie-agent-6.0.3.tgz",
      "integrity": "sha512-6JdymEgWgsg9VQ5VN9FGpRRcivyu4WdM0Ud3kW+Q0PB7knt0EFtlhNPU8wCuscXLfIEI5y6jEMdFTBODNsJR6g==",
      "dependencies": {
        "agent-base": "^7.1.1"
      },
      "engines": {
        "node": ">=18.0.0"
      },
      "funding": {
        "url": "https://github.com/sponsors/3846masa"
      },
      "peerDependencies": {
        "deasync": "^0.1.26",
        "tough-cookie": "^4.0.0",
        "undici": "^5.11.0 || ^6.0.0"
      },
      "peerDependenciesMeta": {
        "deasync": {
          "optional": true
        },
        "undici": {
          "optional": true
        }
      }
    },
    "node_modules/js-cookie": {
      "version": "3.0.5",
      "resolved": "https://registry.npmjs.org/js-cookie/-/js-cookie-3.0.5.tgz",
      "integrity": "sha512-cEiJEAEoIbWfCZYKWhVwFuvPX1gETRYPw6LlaTKoxD3s2AkXzkCjnp6h0V77ozyqj0jakteJ4YqDJT830+lVGw==",
      "engines": {
        "node": ">=14"
      }
    },
    "node_modules/js-tokens": {
      "version": "4.0.0",
      "resolved": "https://registry.npmjs.org/js-tokens/-/js-tokens-4.0.0.tgz",
      "integrity": "sha512-RdJUflcE3cUzKiMqQgsCu06FPu9UdIJO0beYbPhHN4k6apgJtifcoCtT9bcxOpYBtpD2kCM6Sbzg4CausW/PKQ==",
      "peer": true
    },
    "node_modules/loose-envify": {
      "version": "1.4.0",
      "resolved": "https://registry.npmjs.org/loose-envify/-/loose-envify-1.4.0.tgz",
      "integrity": "sha512-lyuxPGr/Wfhrlem2CL/UcnUc1zcqKAImBDzukY7Y5F/yQiNdko6+fRLevlw1HgMySw7f611UIY408EtxRSoK3Q==",
      "peer": true,
      "dependencies": {
        "js-tokens": "^3.0.0 || ^4.0.0"
      },
      "bin": {
        "loose-envify": "cli.js"
      }
    },
    "node_modules/mime-db": {
      "version": "1.52.0",
      "resolved": "https://registry.npmjs.org/mime-db/-/mime-db-1.52.0.tgz",
      "integrity": "sha512-sPU4uV7dYlvtWJxwwxHD0PuihVNiE7TyAbQ5SWxDCB9mUYvOgroQOwYQQOKPJ8CIbE+1ETVlOoK1UC2nU3gYvg==",
      "peer": true,
      "engines": {
        "node": ">= 0.6"
      }
    },
    "node_modules/mime-types": {
      "version": "2.1.35",
      "resolved": "https://registry.npmjs.org/mime-types/-/mime-types-2.1.35.tgz",
      "integrity": "sha512-ZDY+bPm5zTTF+YpCrAU9nK0UgICYPT0QtT1NZWFv4s++TNkcgVaT0g6+4R2uI4MjQjzysHB1zxuWL50hzaeXiw==",
      "peer": true,
      "dependencies": {
        "mime-db": "1.52.0"
      },
      "engines": {
        "node": ">= 0.6"
      }
    },
    "node_modules/ms": {
      "version": "2.1.2",
      "resolved": "https://registry.npmjs.org/ms/-/ms-2.1.2.tgz",
      "integrity": "sha512-sGkPx+VjMtmA6MX27oA4FBFELFCZZ4S4XqeGOXCv68tT+jb3vk/RyaKWP0PTKyWtmLSM0b+adUTEvbs1PEaH2w=="
    },
    "node_modules/proxy-from-env": {
      "version": "1.1.0",
      "resolved": "https://registry.npmjs.org/proxy-from-env/-/proxy-from-env-1.1.0.tgz",
      "integrity": "sha512-D+zkORCbA9f1tdWRK0RaCR3GPv50cMxcrz4X8k5LTSUD1Dkw47mKJEZQNunItRTkWwgtaUSo1RVFRIG9ZXiFYg==",
      "peer": true
    },
    "node_modules/psl": {
      "version": "1.9.0",
      "resolved": "https://registry.npmjs.org/psl/-/psl-1.9.0.tgz",
      "integrity": "sha512-E/ZsdU4HLs/68gYzgGTkMicWTLPdAftJLfJFlLUAAKZGkStNU72sZjT66SnMDVOfOWY/YAoiD7Jxa9iHvngcag==",
      "peer": true
    },
    "node_modules/punycode": {
      "version": "2.3.1",
      "resolved": "https://registry.npmjs.org/punycode/-/punycode-2.3.1.tgz",
      "integrity": "sha512-vYt7UD1U9Wg6138shLtLOvdAu+8DsC/ilFtEVHcH+wydcSpNE20AfSOduf6MkRFahL5FY7X1oU7nKVZFtfq8Fg==",
      "peer": true,
      "engines": {
        "node": ">=6"
      }
    },
    "node_modules/querystringify": {
      "version": "2.2.0",
      "resolved": "https://registry.npmjs.org/querystringify/-/querystringify-2.2.0.tgz",
      "integrity": "sha512-FIqgj2EUvTa7R50u0rGsyTftzjYmv/a3hO345bZNrqabNqjtgiDMgmo4mkUjd+nzU5oF3dClKqFIPUKybUyqoQ==",
      "peer": true
    },
    "node_modules/react": {
      "version": "18.2.0",
      "resolved": "https://registry.npmjs.org/react/-/react-18.2.0.tgz",
      "integrity": "sha512-/3IjMdb2L9QbBdWiW5e3P2/npwMBaU9mHCSCUzNln0ZCYbcfTsGbTJrU/kGemdH2IWmB2ioZ+zkxtmq6g09fGQ==",
      "peer": true,
      "dependencies": {
        "loose-envify": "^1.1.0"
      },
      "engines": {
        "node": ">=0.10.0"
      }
    },
    "node_modules/react-dom": {
      "version": "18.2.0",
      "resolved": "https://registry.npmjs.org/react-dom/-/react-dom-18.2.0.tgz",
      "integrity": "sha512-6IMTriUmvsjHUjNtEDudZfuDQUoWXVxKHhlEGSk81n4YFS+r/Kl99wXiwlVXtPBtJenozv2P+hxDsw9eA7Xo6g==",
      "peer": true,
      "dependencies": {
        "loose-envify": "^1.1.0",
        "scheduler": "^0.23.0"
      },
      "peerDependencies": {
        "react": "^18.2.0"
      }
    },
    "node_modules/react-hot-toast": {
      "version": "2.4.1",
      "resolved": "https://registry.npmjs.org/react-hot-toast/-/react-hot-toast-2.4.1.tgz",
      "integrity": "sha512-j8z+cQbWIM5LY37pR6uZR6D4LfseplqnuAO4co4u8917hBUvXlEqyP1ZzqVLcqoyUesZZv/ImreoCeHVDpE5pQ==",
      "dependencies": {
        "goober": "^2.1.10"
      },
      "engines": {
        "node": ">=10"
      },
      "peerDependencies": {
        "react": ">=16",
        "react-dom": ">=16"
      }
    },
    "node_modules/react-router": {
      "version": "6.22.3",
      "resolved": "https://registry.npmjs.org/react-router/-/react-router-6.22.3.tgz",
      "integrity": "sha512-dr2eb3Mj5zK2YISHK++foM9w4eBnO23eKnZEDs7c880P6oKbrjz/Svg9+nxqtHQK+oMW4OtjZca0RqPglXxguQ==",
      "dependencies": {
        "@remix-run/router": "1.15.3"
      },
      "engines": {
        "node": ">=14.0.0"
      },
      "peerDependencies": {
        "react": ">=16.8"
      }
    },
    "node_modules/react-router-dom": {
      "version": "6.22.3",
      "resolved": "https://registry.npmjs.org/react-router-dom/-/react-router-dom-6.22.3.tgz",
      "integrity": "sha512-7ZILI7HjcE+p31oQvwbokjk6OA/bnFxrhJ19n82Ex9Ph8fNAq+Hm/7KchpMGlTgWhUxRHMMCut+vEtNpWpowKw==",
      "dependencies": {
        "@remix-run/router": "1.15.3",
        "react-router": "6.22.3"
      },
      "engines": {
        "node": ">=14.0.0"
      },
      "peerDependencies": {
        "react": ">=16.8",
        "react-dom": ">=16.8"
      }
    },
    "node_modules/requires-port": {
      "version": "1.0.0",
      "resolved": "https://registry.npmjs.org/requires-port/-/requires-port-1.0.0.tgz",
      "integrity": "sha512-KigOCHcocU3XODJxsu8i/j8T9tzT4adHiecwORRQ0ZZFcp7ahwXuRU1m+yuO90C5ZUyGeGfocHDI14M3L3yDAQ==",
      "peer": true
    },
    "node_modules/scheduler": {
      "version": "0.23.0",
      "resolved": "https://registry.npmjs.org/scheduler/-/scheduler-0.23.0.tgz",
      "integrity": "sha512-CtuThmgHNg7zIZWAXi3AsyIzA3n4xx7aNyjwC2VJldO2LMVDhFK+63xGqq6CsJH4rTAt6/M+N4GhZiDYPx9eUw==",
      "peer": true,
      "dependencies": {
        "loose-envify": "^1.1.0"
      }
    },
    "node_modules/tough-cookie": {
      "version": "4.1.3",
      "resolved": "https://registry.npmjs.org/tough-cookie/-/tough-cookie-4.1.3.tgz",
      "integrity": "sha512-aX/y5pVRkfRnfmuX+OdbSdXvPe6ieKX/G2s7e98f4poJHnqH3281gDPm/metm6E/WRamfx7WC4HUqkWHfQHprw==",
      "peer": true,
      "dependencies": {
        "psl": "^1.1.33",
        "punycode": "^2.1.1",
        "universalify": "^0.2.0",
        "url-parse": "^1.5.3"
      },
      "engines": {
        "node": ">=6"
      }
    },
    "node_modules/universalify": {
      "version": "0.2.0",
      "resolved": "https://registry.npmjs.org/universalify/-/universalify-0.2.0.tgz",
      "integrity": "sha512-CJ1QgKmNg3CwvAv/kOFmtnEN05f0D/cn9QntgNOQlQF9dgvVTHj3t+8JPdjqawCHk7V/KA+fbUqzZ9XWhcqPUg==",
      "peer": true,
      "engines": {
        "node": ">= 4.0.0"
      }
    },
    "node_modules/url-parse": {
      "version": "1.5.10",
      "resolved": "https://registry.npmjs.org/url-parse/-/url-parse-1.5.10.tgz",
      "integrity": "sha512-WypcfiRhfeUP9vvF0j6rw0J3hrWrw6iZv3+22h6iRMJ/8z1Tj6XfLP4DsUix5MhMPnXpiHDoKyoZ/bdCkwBCiQ==",
      "peer": true,
      "dependencies": {
        "querystringify": "^2.1.1",
        "requires-port": "^1.0.0"
      }
    }
  }
}
